{
  "pins" : [
    {
      "identity" : "marketdata",
      "kind" : "remoteSourceControl",
      "location" : "https://github.com/ozelonuryilmaz/MarketData",
      "state" : {
        "revision" : "9956f097a093b13f7c01c8e5535a3113a33624db",
        "version" : "1.1.0"
      }
    }
  ],
  "version" : 2
}
