{
  "pins" : [
    {
      "identity" : "marketdata",
      "kind" : "remoteSourceControl",
      "location" : "https://github.com/ozelonuryilmaz/MarketData",
      "state" : {
        "revision" : "03ccc80ddf0c00793c8b92eda7fa6b8098a0f867",
        "version" : "1.0.6"
      }
    }
  ],
  "version" : 2
}
