{
  "pins" : [
    {
      "identity" : "marketdata",
      "kind" : "remoteSourceControl",
      "location" : "https://github.com/ozelonuryilmaz/MarketData",
      "state" : {
        "revision" : "55ac33339d422baf22a09090f39ae71d0a68da46",
        "version" : "1.0.7"
      }
    }
  ],
  "version" : 2
}
